
Microsoft Visual Studio Solution File, Format Version 12.00
# Visual Studio 2012
Project("{8BC9CEB8-8B4A-11D0-8D11-00A0C91BC942}") = "Cdiamond", "Cdiamond\Cdiamond.vcxproj", "{C3CDB2F8-D574-4FE4-89F6-661352F6F08F}"
EndProject
Global
	GlobalSection(SolutionConfigurationPlatforms) = preSolution
		Debug|Win32 = Debug|Win32
		Release|Win32 = Release|Win32
	EndGlobalSection
	GlobalSection(ProjectConfigurationPlatforms) = postSolution
		{C3CDB2F8-D574-4FE4-89F6-661352F6F08F}.Debug|Win32.ActiveCfg = Debug|Win32
		{C3CDB2F8-D574-4FE4-89F6-661352F6F08F}.Debug|Win32.Build.0 = Debug|Win32
		{C3CDB2F8-D574-4FE4-89F6-661352F6F08F}.Release|Win32.ActiveCfg = Release|Win32
		{C3CDB2F8-D574-4FE4-89F6-661352F6F08F}.Release|Win32.Build.0 = Release|Win32
	EndGlobalSection
	GlobalSection(SolutionProperties) = preSolution
		HideSolutionNode = FALSE
	EndGlobalSection
EndGlobal
